
Microsoft Visual Studio Solution File, Format Version 12.00
# Visual Studio 15
VisualStudioVersion = 15.0.27130.2010
MinimumVisualStudioVersion = 10.0.40219.1
Project("{FAE04EC0-301F-11D3-BF4B-00C04F79EFBC}") = "MVCFileUploader", "MVCFileUploader\MVCFileUploader.csproj", "{B644109A-697A-482D-B255-D02A80A0BA11}"
EndProject
Global
	GlobalSection(SolutionConfigurationPlatforms) = preSolution
		Debug|Any CPU = Debug|Any CPU
		Release|Any CPU = Release|Any CPU
	EndGlobalSection
	GlobalSection(ProjectConfigurationPlatforms) = postSolution
		{B644109A-697A-482D-B255-D02A80A0BA11}.Debug|Any CPU.ActiveCfg = Debug|Any CPU
		{B644109A-697A-482D-B255-D02A80A0BA11}.Debug|Any CPU.Build.0 = Debug|Any CPU
		{B644109A-697A-482D-B255-D02A80A0BA11}.Release|Any CPU.ActiveCfg = Release|Any CPU
		{B644109A-697A-482D-B255-D02A80A0BA11}.Release|Any CPU.Build.0 = Release|Any CPU
	EndGlobalSection
	GlobalSection(SolutionProperties) = preSolution
		HideSolutionNode = FALSE
	EndGlobalSection
	GlobalSection(ExtensibilityGlobals) = postSolution
		SolutionGuid = {14CB6062-203A-4BA8-9D41-E0DCE6EAE477}
	EndGlobalSection
EndGlobal
